{
    "_readme": [
        "This file locks the dependencies of your project to a known state",
        "Read more about it at https://getcomposer.org/doc/01-basic-usage.md#composer-lock-the-lock-file",
        "This file is @generated automatically"
    ],
    "hash": "4aca1df03d5900c8eb5de9b1beefdb0a",
    "packages": [],
    "packages-dev": [
        {
            "name": "alexistm/simple-json-php",
            "version": "dev-master",
            "source": {
                "type": "git",
                "url": "https://github.com/AlexisTM/Simple-Json-PHP.git",
                "reference": "b6c5c4f12e100feb84e053a4ff6affb1e3ebbef4"
            },
            "dist": {
                "type": "zip",
                "url": "https://api.github.com/repos/AlexisTM/Simple-Json-PHP/zipball/b6c5c4f12e100feb84e053a4ff6affb1e3ebbef4",
                "reference": "b6c5c4f12e100feb84e053a4ff6affb1e3ebbef4",
                "shasum": ""
            },
            "require": {
                "php": ">=5.3.0"
            },
            "type": "library",
            "autoload": {
                "psr-0": {
                    "MyLibraryNamespace": "includes/"
                }
            },
            "notification-url": "https://packagist.org/downloads/",
            "include-path": [
                "includes/"
            ],
            "license": [
                "GPLv2"
            ],
            "authors": [
                {
                    "name": "Alexis Paques",
                    "email": "alexis.paques@gmail.com",
                    "homepage": "https://github.com/AlexisTM"
                }
            ],
            "description": "JSONAPI makes you able to construct JSON and send the headers easily. The main purposes are speed and ease to use.",
            "homepage": "https://github.com/AlexisTM/Simple-Json-PHP",
            "keywords": [
                "JSONP",
                "api",
                "json",
                "jsonapi",
                "php"
            ],
            "time": "2015-07-22 19:30:13"
        }
    ],
    "aliases": [],
    "minimum-stability": "stable",
    "stability-flags": {
        "alexistm/simple-json-php": 20
    },
    "prefer-stable": false,
    "prefer-lowest": false,
    "platform": [],
    "platform-dev": []
}
