{
    "_readme": [
        "This file locks the dependencies of your project to a known state",
        "Read more about it at https://getcomposer.org/doc/01-basic-usage.md#composer-lock-the-lock-file",
        "This file is @generated automatically"
    ],
    "hash": "4aca1df03d5900c8eb5de9b1beefdb0a",
    "packages": [],
    "packages-dev": [
        {
            "name": "alexistm/simple-json-php",
            "version": "dev-master",
            "source": {
                "type": "git",
                "url": "https://github.com/AlexisTM/Simple-Json-PHP.git",
                "reference": "2e44c1817cb4cbfff745ad23ed8d656d59ab7d95"
            },
            "dist": {
                "type": "zip",
                "url": "https://api.github.com/repos/AlexisTM/Simple-Json-PHP/zipball/2e44c1817cb4cbfff745ad23ed8d656d59ab7d95",
                "reference": "2e44c1817cb4cbfff745ad23ed8d656d59ab7d95",
                "shasum": ""
            },
            "require": {
                "php": ">=5.3.0"
            },
            "type": "library",
            "notification-url": "https://packagist.org/downloads/",
            "include-path": [
                "/includes"
            ],
            "license": [
                "GNU GPLv2"
            ],
            "authors": [
                {
                    "name": "Alexis Paques",
                    "email": "alexis.paques@gmail.com"
                }
            ],
            "description": "Simple JSON for PHP makes you able to construct JSON and send the headers easily. The main purposes are speed and ease to use.",
            "time": "2015-07-23 14:27:06"
        }
    ],
    "aliases": [],
    "minimum-stability": "stable",
    "stability-flags": {
        "alexistm/simple-json-php": 20
    },
    "prefer-stable": false,
    "prefer-lowest": false,
    "platform": [],
    "platform-dev": []
}
